
Microsoft Visual Studio Solution File, Format Version 12.00
# Visual Studio Version 17
VisualStudioVersion = 17.9.34728.123
MinimumVisualStudioVersion = 10.0.40219.1
Project("{9A19103F-16F7-4668-BE54-9A1E7A4F7556}") = "BKMeCommerceWeb", "BKMeCommerceWeb\BKMeCommerceWeb.csproj", "{08DC5E2F-3096-497A-B0D7-6BA0DC7E9DB1}"
EndProject
Project("{E53339B2-1760-4266-BCC7-CA923CBCF16C}") = "docker-compose", "docker-compose.dcproj", "{528062B5-7A02-49D8-82AF-DAD8738EB766}"
EndProject
Project("{9A19103F-16F7-4668-BE54-9A1E7A4F7556}") = "BKMeCommerce.DataAccess", "BKMeCommerce.DataAccess\BKMeCommerce.DataAccess.csproj", "{C51E1C22-9053-4B7C-A4CA-DD77272DA225}"
EndProject
Project("{9A19103F-16F7-4668-BE54-9A1E7A4F7556}") = "BKMeCommerce.Models", "BKMeCommerce.Models\BKMeCommerce.Models.csproj", "{39676A70-F8C5-44A4-AA85-FD865B8D9095}"
EndProject
Project("{9A19103F-16F7-4668-BE54-9A1E7A4F7556}") = "BKMeCommerce.Utility", "BKMeCommerce.Utility\BKMeCommerce.Utility.csproj", "{D9A5938D-171C-4723-BE90-A0A57A8BEF62}"
EndProject
Project("{2150E333-8FDC-42A3-9474-1A3956D46DE8}") = "Solution Items", "Solution Items", "{C5060C8A-9759-48CB-B9CD-1BD9DDE4E3A5}"
	ProjectSection(SolutionItems) = preProject
		README.md = README.md
	EndProjectSection
EndProject
Global
	GlobalSection(SolutionConfigurationPlatforms) = preSolution
		Debug|Any CPU = Debug|Any CPU
		Release|Any CPU = Release|Any CPU
	EndGlobalSection
	GlobalSection(ProjectConfigurationPlatforms) = postSolution
		{08DC5E2F-3096-497A-B0D7-6BA0DC7E9DB1}.Debug|Any CPU.ActiveCfg = Debug|Any CPU
		{08DC5E2F-3096-497A-B0D7-6BA0DC7E9DB1}.Debug|Any CPU.Build.0 = Debug|Any CPU
		{08DC5E2F-3096-497A-B0D7-6BA0DC7E9DB1}.Release|Any CPU.ActiveCfg = Release|Any CPU
		{08DC5E2F-3096-497A-B0D7-6BA0DC7E9DB1}.Release|Any CPU.Build.0 = Release|Any CPU
		{528062B5-7A02-49D8-82AF-DAD8738EB766}.Debug|Any CPU.ActiveCfg = Debug|Any CPU
		{528062B5-7A02-49D8-82AF-DAD8738EB766}.Debug|Any CPU.Build.0 = Debug|Any CPU
		{528062B5-7A02-49D8-82AF-DAD8738EB766}.Release|Any CPU.ActiveCfg = Release|Any CPU
		{528062B5-7A02-49D8-82AF-DAD8738EB766}.Release|Any CPU.Build.0 = Release|Any CPU
		{C51E1C22-9053-4B7C-A4CA-DD77272DA225}.Debug|Any CPU.ActiveCfg = Debug|Any CPU
		{C51E1C22-9053-4B7C-A4CA-DD77272DA225}.Debug|Any CPU.Build.0 = Debug|Any CPU
		{C51E1C22-9053-4B7C-A4CA-DD77272DA225}.Release|Any CPU.ActiveCfg = Release|Any CPU
		{C51E1C22-9053-4B7C-A4CA-DD77272DA225}.Release|Any CPU.Build.0 = Release|Any CPU
		{39676A70-F8C5-44A4-AA85-FD865B8D9095}.Debug|Any CPU.ActiveCfg = Debug|Any CPU
		{39676A70-F8C5-44A4-AA85-FD865B8D9095}.Debug|Any CPU.Build.0 = Debug|Any CPU
		{39676A70-F8C5-44A4-AA85-FD865B8D9095}.Release|Any CPU.ActiveCfg = Release|Any CPU
		{39676A70-F8C5-44A4-AA85-FD865B8D9095}.Release|Any CPU.Build.0 = Release|Any CPU
		{D9A5938D-171C-4723-BE90-A0A57A8BEF62}.Debug|Any CPU.ActiveCfg = Debug|Any CPU
		{D9A5938D-171C-4723-BE90-A0A57A8BEF62}.Debug|Any CPU.Build.0 = Debug|Any CPU
		{D9A5938D-171C-4723-BE90-A0A57A8BEF62}.Release|Any CPU.ActiveCfg = Release|Any CPU
		{D9A5938D-171C-4723-BE90-A0A57A8BEF62}.Release|Any CPU.Build.0 = Release|Any CPU
	EndGlobalSection
	GlobalSection(SolutionProperties) = preSolution
		HideSolutionNode = FALSE
	EndGlobalSection
	GlobalSection(ExtensibilityGlobals) = postSolution
		SolutionGuid = {99FD47E8-ED77-4043-9124-E1D52D384BB5}
	EndGlobalSection
EndGlobal
